{
  "originHash" : "62cf62fa7309044b6ab605944e4d9f50ae28b981f08f3e12d0d55af8cfa50c69",
  "pins" : [
    {
      "identity" : "onnxruntime-swift-package-manager",
      "kind" : "remoteSourceControl",
      "location" : "https://github.com/microsoft/onnxruntime-swift-package-manager",
      "state" : {
        "revision" : "b7fb7f7dea8a2469e6335d95a61b8f36d0dc83b2",
        "version" : "1.24.2"
      }
    }
  ],
  "version" : 3
}
